
Microsoft Visual Studio Solution File, Format Version 12.00
# Visual Studio 15
VisualStudioVersion = 15.0.27130.2026
MinimumVisualStudioVersion = 10.0.40219.1
Project("{9A19103F-16F7-4668-BE54-9A1E7A4F7556}") = "DAB2_2", "DAB2_2\DAB2_2.csproj", "{CBC903B5-8D51-4E5C-9091-ADB4CDB8C3D1}"
EndProject
Project("{9A19103F-16F7-4668-BE54-9A1E7A4F7556}") = "DAB2_2RDB", "DAB2_2RDB\DAB2_2RDB.csproj", "{4D665CEC-B978-4FDE-BB33-089189FC671E}"
EndProject
Project("{FAE04EC0-301F-11D3-BF4B-00C04F79EFBC}") = "DAB2_2RDB.Unit.Test", "DAB2_2RDB.Unit.Test\DAB2_2RDB.Unit.Test.csproj", "{52ECB573-387C-46E0-9EA9-04333AAACE7E}"
EndProject
Project("{FAE04EC0-301F-11D3-BF4B-00C04F79EFBC}") = "DAB2_2_RDB.Integration.Test", "DAB2_2_RDB.Integration.Test\DAB2_2_RDB.Integration.Test.csproj", "{37F4B58E-1E48-40E5-B069-023568DA1D59}"
EndProject
Global
	GlobalSection(SolutionConfigurationPlatforms) = preSolution
		Debug|Any CPU = Debug|Any CPU
		Release|Any CPU = Release|Any CPU
	EndGlobalSection
	GlobalSection(ProjectConfigurationPlatforms) = postSolution
		{CBC903B5-8D51-4E5C-9091-ADB4CDB8C3D1}.Debug|Any CPU.ActiveCfg = Debug|Any CPU
		{CBC903B5-8D51-4E5C-9091-ADB4CDB8C3D1}.Debug|Any CPU.Build.0 = Debug|Any CPU
		{CBC903B5-8D51-4E5C-9091-ADB4CDB8C3D1}.Release|Any CPU.ActiveCfg = Release|Any CPU
		{CBC903B5-8D51-4E5C-9091-ADB4CDB8C3D1}.Release|Any CPU.Build.0 = Release|Any CPU
		{4D665CEC-B978-4FDE-BB33-089189FC671E}.Debug|Any CPU.ActiveCfg = Debug|Any CPU
		{4D665CEC-B978-4FDE-BB33-089189FC671E}.Debug|Any CPU.Build.0 = Debug|Any CPU
		{4D665CEC-B978-4FDE-BB33-089189FC671E}.Release|Any CPU.ActiveCfg = Release|Any CPU
		{4D665CEC-B978-4FDE-BB33-089189FC671E}.Release|Any CPU.Build.0 = Release|Any CPU
		{52ECB573-387C-46E0-9EA9-04333AAACE7E}.Debug|Any CPU.ActiveCfg = Debug|Any CPU
		{52ECB573-387C-46E0-9EA9-04333AAACE7E}.Debug|Any CPU.Build.0 = Debug|Any CPU
		{52ECB573-387C-46E0-9EA9-04333AAACE7E}.Release|Any CPU.ActiveCfg = Release|Any CPU
		{52ECB573-387C-46E0-9EA9-04333AAACE7E}.Release|Any CPU.Build.0 = Release|Any CPU
		{37F4B58E-1E48-40E5-B069-023568DA1D59}.Debug|Any CPU.ActiveCfg = Debug|Any CPU
		{37F4B58E-1E48-40E5-B069-023568DA1D59}.Debug|Any CPU.Build.0 = Debug|Any CPU
		{37F4B58E-1E48-40E5-B069-023568DA1D59}.Release|Any CPU.ActiveCfg = Release|Any CPU
		{37F4B58E-1E48-40E5-B069-023568DA1D59}.Release|Any CPU.Build.0 = Release|Any CPU
	EndGlobalSection
	GlobalSection(SolutionProperties) = preSolution
		HideSolutionNode = FALSE
	EndGlobalSection
	GlobalSection(ExtensibilityGlobals) = postSolution
		SolutionGuid = {8D1C4FE4-CACD-46B7-BC3A-0B8E2EAE9BD8}
	EndGlobalSection
EndGlobal
