
Microsoft Visual Studio Solution File, Format Version 12.00
# Visual Studio 15
VisualStudioVersion = 15.0.27130.2026
MinimumVisualStudioVersion = 10.0.40219.1
Project("{FAE04EC0-301F-11D3-BF4B-00C04F79EFBC}") = "DODB2_2", "DODB2_2\DODB2_2.csproj", "{81FCBC67-AE8E-4BF1-AE81-3048A72EB165}"
EndProject
Global
	GlobalSection(SolutionConfigurationPlatforms) = preSolution
		Debug|Any CPU = Debug|Any CPU
		Release|Any CPU = Release|Any CPU
	EndGlobalSection
	GlobalSection(ProjectConfigurationPlatforms) = postSolution
		{81FCBC67-AE8E-4BF1-AE81-3048A72EB165}.Debug|Any CPU.ActiveCfg = Debug|Any CPU
		{81FCBC67-AE8E-4BF1-AE81-3048A72EB165}.Debug|Any CPU.Build.0 = Debug|Any CPU
		{81FCBC67-AE8E-4BF1-AE81-3048A72EB165}.Release|Any CPU.ActiveCfg = Release|Any CPU
		{81FCBC67-AE8E-4BF1-AE81-3048A72EB165}.Release|Any CPU.Build.0 = Release|Any CPU
	EndGlobalSection
	GlobalSection(SolutionProperties) = preSolution
		HideSolutionNode = FALSE
	EndGlobalSection
	GlobalSection(ExtensibilityGlobals) = postSolution
		SolutionGuid = {4E60A4EE-8B12-4600-9B4E-870470819048}
	EndGlobalSection
EndGlobal
